// !$*UTF8*$!
{
	archiveVersion = 1;
	classes = {
	};
	objectVersion = 56;
	objects = {

/* Begin PBXBuildFile section */
		5DFBDEF329D9960B004E0B78 /* SFCymbolAppWithSwiftUIApp.swift in Sources */ = {isa = PBXBuildFile; fileRef = 5DFBDEF229D9960B004E0B78 /* SFCymbolAppWithSwiftUIApp.swift */; };
		5DFBDEF529D9960B004E0B78 /* ContentView.swift in Sources */ = {isa = PBXBuildFile; fileRef = 5DFBDEF429D9960B004E0B78 /* ContentView.swift */; };
		5DFBDEF729D9960D004E0B78 /* Assets.xcassets in Resources */ = {isa = PBXBuildFile; fileRef = 5DFBDEF629D9960D004E0B78 /* Assets.xcassets */; };
		5DFBDEFA29D9960D004E0B78 /* Preview Assets.xcassets in Resources */ = {isa = PBXBuildFile; fileRef = 5DFBDEF929D9960D004E0B78 /* Preview Assets.xcassets */; };
		5DFBDF0429D9960D004E0B78 /* SFCymbolAppWithSwiftUITests.swift in Sources */ = {isa = PBXBuildFile; fileRef = 5DFBDF0329D9960D004E0B78 /* SFCymbolAppWithSwiftUITests.swift */; };
		5DFBDF0E29D9960D004E0B78 /* SFCymbolAppWithSwiftUIUITests.swift in Sources */ = {isa = PBXBuildFile; fileRef = 5DFBDF0D29D9960D004E0B78 /* SFCymbolAppWithSwiftUIUITests.swift */; };
		5DFBDF1029D9960D004E0B78 /* SFCymbolAppWithSwiftUIUITestsLaunchTests.swift in Sources */ = {isa = PBXBuildFile; fileRef = 5DFBDF0F29D9960D004E0B78 /* SFCymbolAppWithSwiftUIUITestsLaunchTests.swift */; };
		5DFBDF1E29D99751004E0B78 /* SFUserFriendlySymbols in Frameworks */ = {isa = PBXBuildFile; productRef = 5DFBDF1D29D99751004E0B78 /* SFUserFriendlySymbols */; };
		5DFBDF2429D99847004E0B78 /* SymbolsCatalogView.swift in Sources */ = {isa = PBXBuildFile; fileRef = 5DFBDF2329D99847004E0B78 /* SymbolsCatalogView.swift */; };
		5DFBDF2729D9A0E1004E0B78 /* ViewModel.swift in Sources */ = {isa = PBXBuildFile; fileRef = 5DFBDF2629D9A0E0004E0B78 /* ViewModel.swift */; };
/* End PBXBuildFile section */

/* Begin PBXContainerItemProxy section */
		5DFBDF0029D9960D004E0B78 /* PBXContainerItemProxy */ = {
			isa = PBXContainerItemProxy;
			containerPortal = 5DFBDEE729D9960B004E0B78 /* Project object */;
			proxyType = 1;
			remoteGlobalIDString = 5DFBDEEE29D9960B004E0B78;
			remoteInfo = SFCymbolAppWithSwiftUI;
		};
		5DFBDF0A29D9960D004E0B78 /* PBXContainerItemProxy */ = {
			isa = PBXContainerItemProxy;
			containerPortal = 5DFBDEE729D9960B004E0B78 /* Project object */;
			proxyType = 1;
			remoteGlobalIDString = 5DFBDEEE29D9960B004E0B78;
			remoteInfo = SFCymbolAppWithSwiftUI;
		};
/* End PBXContainerItemProxy section */

/* Begin PBXFileReference section */
		5DFBDEEF29D9960B004E0B78 /* SFCymbolAppWithSwiftUI.app */ = {isa = PBXFileReference; explicitFileType = wrapper.application; includeInIndex = 0; path = SFCymbolAppWithSwiftUI.app; sourceTree = BUILT_PRODUCTS_DIR; };
		5DFBDEF229D9960B004E0B78 /* SFCymbolAppWithSwiftUIApp.swift */ = {isa = PBXFileReference; lastKnownFileType = sourcecode.swift; path = SFCymbolAppWithSwiftUIApp.swift; sourceTree = "<group>"; };
		5DFBDEF429D9960B004E0B78 /* ContentView.swift */ = {isa = PBXFileReference; lastKnownFileType = sourcecode.swift; path = ContentView.swift; sourceTree = "<group>"; };
		5DFBDEF629D9960D004E0B78 /* Assets.xcassets */ = {isa = PBXFileReference; lastKnownFileType = folder.assetcatalog; path = Assets.xcassets; sourceTree = "<group>"; };
		5DFBDEF929D9960D004E0B78 /* Preview Assets.xcassets */ = {isa = PBXFileReference; lastKnownFileType = folder.assetcatalog; path = "Preview Assets.xcassets"; sourceTree = "<group>"; };
		5DFBDEFF29D9960D004E0B78 /* SFCymbolAppWithSwiftUITests.xctest */ = {isa = PBXFileReference; explicitFileType = wrapper.cfbundle; includeInIndex = 0; path = SFCymbolAppWithSwiftUITests.xctest; sourceTree = BUILT_PRODUCTS_DIR; };
		5DFBDF0329D9960D004E0B78 /* SFCymbolAppWithSwiftUITests.swift */ = {isa = PBXFileReference; lastKnownFileType = sourcecode.swift; path = SFCymbolAppWithSwiftUITests.swift; sourceTree = "<group>"; };
		5DFBDF0929D9960D004E0B78 /* SFCymbolAppWithSwiftUIUITests.xctest */ = {isa = PBXFileReference; explicitFileType = wrapper.cfbundle; includeInIndex = 0; path = SFCymbolAppWithSwiftUIUITests.xctest; sourceTree = BUILT_PRODUCTS_DIR; };
		5DFBDF0D29D9960D004E0B78 /* SFCymbolAppWithSwiftUIUITests.swift */ = {isa = PBXFileReference; lastKnownFileType = sourcecode.swift; path = SFCymbolAppWithSwiftUIUITests.swift; sourceTree = "<group>"; };
		5DFBDF0F29D9960D004E0B78 /* SFCymbolAppWithSwiftUIUITestsLaunchTests.swift */ = {isa = PBXFileReference; lastKnownFileType = sourcecode.swift; path = SFCymbolAppWithSwiftUIUITestsLaunchTests.swift; sourceTree = "<group>"; };
		5DFBDF2329D99847004E0B78 /* SymbolsCatalogView.swift */ = {isa = PBXFileReference; lastKnownFileType = sourcecode.swift; path = SymbolsCatalogView.swift; sourceTree = "<group>"; };
		5DFBDF2629D9A0E0004E0B78 /* ViewModel.swift */ = {isa = PBXFileReference; lastKnownFileType = sourcecode.swift; path = ViewModel.swift; sourceTree = "<group>"; };
/* End PBXFileReference section */

/* Begin PBXFrameworksBuildPhase section */
		5DFBDEEC29D9960B004E0B78 /* Frameworks */ = {
			isa = PBXFrameworksBuildPhase;
			buildActionMask = 2147483647;
			files = (
				5DFBDF1E29D99751004E0B78 /* SFUserFriendlySymbols in Frameworks */,
			);
			runOnlyForDeploymentPostprocessing = 0;
		};
		5DFBDEFC29D9960D004E0B78 /* Frameworks */ = {
			isa = PBXFrameworksBuildPhase;
			buildActionMask = 2147483647;
			files = (
			);
			runOnlyForDeploymentPostprocessing = 0;
		};
		5DFBDF0629D9960D004E0B78 /* Frameworks */ = {
			isa = PBXFrameworksBuildPhase;
			buildActionMask = 2147483647;
			files = (
			);
			runOnlyForDeploymentPostprocessing = 0;
		};
/* End PBXFrameworksBuildPhase section */

/* Begin PBXGroup section */
		5DFBDEE629D9960B004E0B78 = {
			isa = PBXGroup;
			children = (
				5DFBDEF129D9960B004E0B78 /* SFCymbolAppWithSwiftUI */,
				5DFBDF0229D9960D004E0B78 /* SFCymbolAppWithSwiftUITests */,
				5DFBDF0C29D9960D004E0B78 /* SFCymbolAppWithSwiftUIUITests */,
				5DFBDEF029D9960B004E0B78 /* Products */,
			);
			sourceTree = "<group>";
		};
		5DFBDEF029D9960B004E0B78 /* Products */ = {
			isa = PBXGroup;
			children = (
				5DFBDEEF29D9960B004E0B78 /* SFCymbolAppWithSwiftUI.app */,
				5DFBDEFF29D9960D004E0B78 /* SFCymbolAppWithSwiftUITests.xctest */,
				5DFBDF0929D9960D004E0B78 /* SFCymbolAppWithSwiftUIUITests.xctest */,
			);
			name = Products;
			sourceTree = "<group>";
		};
		5DFBDEF129D9960B004E0B78 /* SFCymbolAppWithSwiftUI */ = {
			isa = PBXGroup;
			children = (
				5DFBDF2529D9A0D8004E0B78 /* ViewModel */,
				5DFBDF2229D9983E004E0B78 /* SymbolsCatalogView */,
				5DFBDEF229D9960B004E0B78 /* SFCymbolAppWithSwiftUIApp.swift */,
				5DFBDEF429D9960B004E0B78 /* ContentView.swift */,
				5DFBDEF629D9960D004E0B78 /* Assets.xcassets */,
				5DFBDEF829D9960D004E0B78 /* Preview Content */,
			);
			path = SFCymbolAppWithSwiftUI;
			sourceTree = "<group>";
		};
		5DFBDEF829D9960D004E0B78 /* Preview Content */ = {
			isa = PBXGroup;
			children = (
				5DFBDEF929D9960D004E0B78 /* Preview Assets.xcassets */,
			);
			path = "Preview Content";
			sourceTree = "<group>";
		};
		5DFBDF0229D9960D004E0B78 /* SFCymbolAppWithSwiftUITests */ = {
			isa = PBXGroup;
			children = (
				5DFBDF0329D9960D004E0B78 /* SFCymbolAppWithSwiftUITests.swift */,
			);
			path = SFCymbolAppWithSwiftUITests;
			sourceTree = "<group>";
		};
		5DFBDF0C29D9960D004E0B78 /* SFCymbolAppWithSwiftUIUITests */ = {
			isa = PBXGroup;
			children = (
				5DFBDF0D29D9960D004E0B78 /* SFCymbolAppWithSwiftUIUITests.swift */,
				5DFBDF0F29D9960D004E0B78 /* SFCymbolAppWithSwiftUIUITestsLaunchTests.swift */,
			);
			path = SFCymbolAppWithSwiftUIUITests;
			sourceTree = "<group>";
		};
		5DFBDF2229D9983E004E0B78 /* SymbolsCatalogView */ = {
			isa = PBXGroup;
			children = (
				5DFBDF2329D99847004E0B78 /* SymbolsCatalogView.swift */,
			);
			path = SymbolsCatalogView;
			sourceTree = "<group>";
		};
		5DFBDF2529D9A0D8004E0B78 /* ViewModel */ = {
			isa = PBXGroup;
			children = (
				5DFBDF2629D9A0E0004E0B78 /* ViewModel.swift */,
			);
			path = ViewModel;
			sourceTree = "<group>";
		};
/* End PBXGroup section */

/* Begin PBXNativeTarget section */
		5DFBDEEE29D9960B004E0B78 /* SFCymbolAppWithSwiftUI */ = {
			isa = PBXNativeTarget;
			buildConfigurationList = 5DFBDF1329D9960D004E0B78 /* Build configuration list for PBXNativeTarget "SFCymbolAppWithSwiftUI" */;
			buildPhases = (
				5DFBDEEB29D9960B004E0B78 /* Sources */,
				5DFBDEEC29D9960B004E0B78 /* Frameworks */,
				5DFBDEED29D9960B004E0B78 /* Resources */,
			);
			buildRules = (
			);
			dependencies = (
			);
			name = SFCymbolAppWithSwiftUI;
			packageProductDependencies = (
				5DFBDF1D29D99751004E0B78 /* SFUserFriendlySymbols */,
			);
			productName = SFCymbolAppWithSwiftUI;
			productReference = 5DFBDEEF29D9960B004E0B78 /* SFCymbolAppWithSwiftUI.app */;
			productType = "com.apple.product-type.application";
		};
		5DFBDEFE29D9960D004E0B78 /* SFCymbolAppWithSwiftUITests */ = {
			isa = PBXNativeTarget;
			buildConfigurationList = 5DFBDF1629D9960D004E0B78 /* Build configuration list for PBXNativeTarget "SFCymbolAppWithSwiftUITests" */;
			buildPhases = (
				5DFBDEFB29D9960D004E0B78 /* Sources */,
				5DFBDEFC29D9960D004E0B78 /* Frameworks */,
				5DFBDEFD29D9960D004E0B78 /* Resources */,
			);
			buildRules = (
			);
			dependencies = (
				5DFBDF0129D9960D004E0B78 /* PBXTargetDependency */,
			);
			name = SFCymbolAppWithSwiftUITests;
			productName = SFCymbolAppWithSwiftUITests;
			productReference = 5DFBDEFF29D9960D004E0B78 /* SFCymbolAppWithSwiftUITests.xctest */;
			productType = "com.apple.product-type.bundle.unit-test";
		};
		5DFBDF0829D9960D004E0B78 /* SFCymbolAppWithSwiftUIUITests */ = {
			isa = PBXNativeTarget;
			buildConfigurationList = 5DFBDF1929D9960D004E0B78 /* Build configuration list for PBXNativeTarget "SFCymbolAppWithSwiftUIUITests" */;
			buildPhases = (
				5DFBDF0529D9960D004E0B78 /* Sources */,
				5DFBDF0629D9960D004E0B78 /* Frameworks */,
				5DFBDF0729D9960D004E0B78 /* Resources */,
			);
			buildRules = (
			);
			dependencies = (
				5DFBDF0B29D9960D004E0B78 /* PBXTargetDependency */,
			);
			name = SFCymbolAppWithSwiftUIUITests;
			productName = SFCymbolAppWithSwiftUIUITests;
			productReference = 5DFBDF0929D9960D004E0B78 /* SFCymbolAppWithSwiftUIUITests.xctest */;
			productType = "com.apple.product-type.bundle.ui-testing";
		};
/* End PBXNativeTarget section */

/* Begin PBXProject section */
		5DFBDEE729D9960B004E0B78 /* Project object */ = {
			isa = PBXProject;
			attributes = {
				BuildIndependentTargetsInParallel = 1;
				LastSwiftUpdateCheck = 1400;
				LastUpgradeCheck = 1400;
				TargetAttributes = {
					5DFBDEEE29D9960B004E0B78 = {
						CreatedOnToolsVersion = 14.0;
					};
					5DFBDEFE29D9960D004E0B78 = {
						CreatedOnToolsVersion = 14.0;
						TestTargetID = 5DFBDEEE29D9960B004E0B78;
					};
					5DFBDF0829D9960D004E0B78 = {
						CreatedOnToolsVersion = 14.0;
						TestTargetID = 5DFBDEEE29D9960B004E0B78;
					};
				};
			};
			buildConfigurationList = 5DFBDEEA29D9960B004E0B78 /* Build configuration list for PBXProject "SFCymbolAppWithSwiftUI" */;
			compatibilityVersion = "Xcode 14.0";
			developmentRegion = en;
			hasScannedForEncodings = 0;
			knownRegions = (
				en,
				Base,
			);
			mainGroup = 5DFBDEE629D9960B004E0B78;
			packageReferences = (
				5DFBDF1C29D99751004E0B78 /* XCRemoteSwiftPackageReference "SFUserFriendlySymbols" */,
			);
			productRefGroup = 5DFBDEF029D9960B004E0B78 /* Products */;
			projectDirPath = "";
			projectRoot = "";
			targets = (
				5DFBDEEE29D9960B004E0B78 /* SFCymbolAppWithSwiftUI */,
				5DFBDEFE29D9960D004E0B78 /* SFCymbolAppWithSwiftUITests */,
				5DFBDF0829D9960D004E0B78 /* SFCymbolAppWithSwiftUIUITests */,
			);
		};
/* End PBXProject section */

/* Begin PBXResourcesBuildPhase section */
		5DFBDEED29D9960B004E0B78 /* Resources */ = {
			isa = PBXResourcesBuildPhase;
			buildActionMask = 2147483647;
			files = (
				5DFBDEFA29D9960D004E0B78 /* Preview Assets.xcassets in Resources */,
				5DFBDEF729D9960D004E0B78 /* Assets.xcassets in Resources */,
			);
			runOnlyForDeploymentPostprocessing = 0;
		};
		5DFBDEFD29D9960D004E0B78 /* Resources */ = {
			isa = PBXResourcesBuildPhase;
			buildActionMask = 2147483647;
			files = (
			);
			runOnlyForDeploymentPostprocessing = 0;
		};
		5DFBDF0729D9960D004E0B78 /* Resources */ = {
			isa = PBXResourcesBuildPhase;
			buildActionMask = 2147483647;
			files = (
			);
			runOnlyForDeploymentPostprocessing = 0;
		};
/* End PBXResourcesBuildPhase section */

/* Begin PBXSourcesBuildPhase section */
		5DFBDEEB29D9960B004E0B78 /* Sources */ = {
			isa = PBXSourcesBuildPhase;
			buildActionMask = 2147483647;
			files = (
				5DFBDEF529D9960B004E0B78 /* ContentView.swift in Sources */,
				5DFBDF2429D99847004E0B78 /* SymbolsCatalogView.swift in Sources */,
				5DFBDF2729D9A0E1004E0B78 /* ViewModel.swift in Sources */,
				5DFBDEF329D9960B004E0B78 /* SFCymbolAppWithSwiftUIApp.swift in Sources */,
			);
			runOnlyForDeploymentPostprocessing = 0;
		};
		5DFBDEFB29D9960D004E0B78 /* Sources */ = {
			isa = PBXSourcesBuildPhase;
			buildActionMask = 2147483647;
			files = (
				5DFBDF0429D9960D004E0B78 /* SFCymbolAppWithSwiftUITests.swift in Sources */,
			);
			runOnlyForDeploymentPostprocessing = 0;
		};
		5DFBDF0529D9960D004E0B78 /* Sources */ = {
			isa = PBXSourcesBuildPhase;
			buildActionMask = 2147483647;
			files = (
				5DFBDF0E29D9960D004E0B78 /* SFCymbolAppWithSwiftUIUITests.swift in Sources */,
				5DFBDF1029D9960D004E0B78 /* SFCymbolAppWithSwiftUIUITestsLaunchTests.swift in Sources */,
			);
			runOnlyForDeploymentPostprocessing = 0;
		};
/* End PBXSourcesBuildPhase section */

/* Begin PBXTargetDependency section */
		5DFBDF0129D9960D004E0B78 /* PBXTargetDependency */ = {
			isa = PBXTargetDependency;
			target = 5DFBDEEE29D9960B004E0B78 /* SFCymbolAppWithSwiftUI */;
			targetProxy = 5DFBDF0029D9960D004E0B78 /* PBXContainerItemProxy */;
		};
		5DFBDF0B29D9960D004E0B78 /* PBXTargetDependency */ = {
			isa = PBXTargetDependency;
			target = 5DFBDEEE29D9960B004E0B78 /* SFCymbolAppWithSwiftUI */;
			targetProxy = 5DFBDF0A29D9960D004E0B78 /* PBXContainerItemProxy */;
		};
/* End PBXTargetDependency section */

/* Begin XCBuildConfiguration section */
		5DFBDF1129D9960D004E0B78 /* Debug */ = {
			isa = XCBuildConfiguration;
			buildSettings = {
				ALWAYS_SEARCH_USER_PATHS = NO;
				CLANG_ANALYZER_NONNULL = YES;
				CLANG_ANALYZER_NUMBER_OBJECT_CONVERSION = YES_AGGRESSIVE;
				CLANG_CXX_LANGUAGE_STANDARD = "gnu++20";
				CLANG_ENABLE_MODULES = YES;
				CLANG_ENABLE_OBJC_ARC = YES;
				CLANG_ENABLE_OBJC_WEAK = YES;
				CLANG_WARN_BLOCK_CAPTURE_AUTORELEASING = YES;
				CLANG_WARN_BOOL_CONVERSION = YES;
				CLANG_WARN_COMMA = YES;
				CLANG_WARN_CONSTANT_CONVERSION = YES;
				CLANG_WARN_DEPRECATED_OBJC_IMPLEMENTATIONS = YES;
				CLANG_WARN_DIRECT_OBJC_ISA_USAGE = YES_ERROR;
				CLANG_WARN_DOCUMENTATION_COMMENTS = YES;
				CLANG_WARN_EMPTY_BODY = YES;
				CLANG_WARN_ENUM_CONVERSION = YES;
				CLANG_WARN_INFINITE_RECURSION = YES;
				CLANG_WARN_INT_CONVERSION = YES;
				CLANG_WARN_NON_LITERAL_NULL_CONVERSION = YES;
				CLANG_WARN_OBJC_IMPLICIT_RETAIN_SELF = YES;
				CLANG_WARN_OBJC_LITERAL_CONVERSION = YES;
				CLANG_WARN_OBJC_ROOT_CLASS = YES_ERROR;
				CLANG_WARN_QUOTED_INCLUDE_IN_FRAMEWORK_HEADER = YES;
				CLANG_WARN_RANGE_LOOP_ANALYSIS = YES;
				CLANG_WARN_STRICT_PROTOTYPES = YES;
				CLANG_WARN_SUSPICIOUS_MOVE = YES;
				CLANG_WARN_UNGUARDED_AVAILABILITY = YES_AGGRESSIVE;
				CLANG_WARN_UNREACHABLE_CODE = YES;
				CLANG_WARN__DUPLICATE_METHOD_MATCH = YES;
				COPY_PHASE_STRIP = NO;
				DEBUG_INFORMATION_FORMAT = dwarf;
				ENABLE_STRICT_OBJC_MSGSEND = YES;
				ENABLE_TESTABILITY = YES;
				GCC_C_LANGUAGE_STANDARD = gnu11;
				GCC_DYNAMIC_NO_PIC = NO;
				GCC_NO_COMMON_BLOCKS = YES;
				GCC_OPTIMIZATION_LEVEL = 0;
				GCC_PREPROCESSOR_DEFINITIONS = (
					"DEBUG=1",
					"$(inherited)",
				);
				GCC_WARN_64_TO_32_BIT_CONVERSION = YES;
				GCC_WARN_ABOUT_RETURN_TYPE = YES_ERROR;
				GCC_WARN_UNDECLARED_SELECTOR = YES;
				GCC_WARN_UNINITIALIZED_AUTOS = YES_AGGRESSIVE;
				GCC_WARN_UNUSED_FUNCTION = YES;
				GCC_WARN_UNUSED_VARIABLE = YES;
				IPHONEOS_DEPLOYMENT_TARGET = 16.0;
				MTL_ENABLE_DEBUG_INFO = INCLUDE_SOURCE;
				MTL_FAST_MATH = YES;
				ONLY_ACTIVE_ARCH = YES;
				SDKROOT = iphoneos;
				SWIFT_ACTIVE_COMPILATION_CONDITIONS = DEBUG;
				SWIFT_OPTIMIZATION_LEVEL = "-Onone";
			};
			name = Debug;
		};
		5DFBDF1229D9960D004E0B78 /* Release */ = {
			isa = XCBuildConfiguration;
			buildSettings = {
				ALWAYS_SEARCH_USER_PATHS = NO;
				CLANG_ANALYZER_NONNULL = YES;
				CLANG_ANALYZER_NUMBER_OBJECT_CONVERSION = YES_AGGRESSIVE;
				CLANG_CXX_LANGUAGE_STANDARD = "gnu++20";
				CLANG_ENABLE_MODULES = YES;
				CLANG_ENABLE_OBJC_ARC = YES;
				CLANG_ENABLE_OBJC_WEAK = YES;
				CLANG_WARN_BLOCK_CAPTURE_AUTORELEASING = YES;
				CLANG_WARN_BOOL_CONVERSION = YES;
				CLANG_WARN_COMMA = YES;
				CLANG_WARN_CONSTANT_CONVERSION = YES;
				CLANG_WARN_DEPRECATED_OBJC_IMPLEMENTATIONS = YES;
				CLANG_WARN_DIRECT_OBJC_ISA_USAGE = YES_ERROR;
				CLANG_WARN_DOCUMENTATION_COMMENTS = YES;
				CLANG_WARN_EMPTY_BODY = YES;
				CLANG_WARN_ENUM_CONVERSION = YES;
				CLANG_WARN_INFINITE_RECURSION = YES;
				CLANG_WARN_INT_CONVERSION = YES;
				CLANG_WARN_NON_LITERAL_NULL_CONVERSION = YES;
				CLANG_WARN_OBJC_IMPLICIT_RETAIN_SELF = YES;
				CLANG_WARN_OBJC_LITERAL_CONVERSION = YES;
				CLANG_WARN_OBJC_ROOT_CLASS = YES_ERROR;
				CLANG_WARN_QUOTED_INCLUDE_IN_FRAMEWORK_HEADER = YES;
				CLANG_WARN_RANGE_LOOP_ANALYSIS = YES;
				CLANG_WARN_STRICT_PROTOTYPES = YES;
				CLANG_WARN_SUSPICIOUS_MOVE = YES;
				CLANG_WARN_UNGUARDED_AVAILABILITY = YES_AGGRESSIVE;
				CLANG_WARN_UNREACHABLE_CODE = YES;
				CLANG_WARN__DUPLICATE_METHOD_MATCH = YES;
				COPY_PHASE_STRIP = NO;
				DEBUG_INFORMATION_FORMAT = "dwarf-with-dsym";
				ENABLE_NS_ASSERTIONS = NO;
				ENABLE_STRICT_OBJC_MSGSEND = YES;
				GCC_C_LANGUAGE_STANDARD = gnu11;
				GCC_NO_COMMON_BLOCKS = YES;
				GCC_WARN_64_TO_32_BIT_CONVERSION = YES;
				GCC_WARN_ABOUT_RETURN_TYPE = YES_ERROR;
				GCC_WARN_UNDECLARED_SELECTOR = YES;
				GCC_WARN_UNINITIALIZED_AUTOS = YES_AGGRESSIVE;
				GCC_WARN_UNUSED_FUNCTION = YES;
				GCC_WARN_UNUSED_VARIABLE = YES;
				IPHONEOS_DEPLOYMENT_TARGET = 16.0;
				MTL_ENABLE_DEBUG_INFO = NO;
				MTL_FAST_MATH = YES;
				SDKROOT = iphoneos;
				SWIFT_COMPILATION_MODE = wholemodule;
				SWIFT_OPTIMIZATION_LEVEL = "-O";
				VALIDATE_PRODUCT = YES;
			};
			name = Release;
		};
		5DFBDF1429D9960D004E0B78 /* Debug */ = {
			isa = XCBuildConfiguration;
			buildSettings = {
				ASSETCATALOG_COMPILER_APPICON_NAME = AppIcon;
				ASSETCATALOG_COMPILER_GLOBAL_ACCENT_COLOR_NAME = AccentColor;
				CODE_SIGN_STYLE = Automatic;
				CURRENT_PROJECT_VERSION = 1;
				DEVELOPMENT_ASSET_PATHS = "\"SFCymbolAppWithSwiftUI/Preview Content\"";
				DEVELOPMENT_TEAM = XP8M87ULF2;
				ENABLE_PREVIEWS = YES;
				GENERATE_INFOPLIST_FILE = YES;
				INFOPLIST_KEY_UIApplicationSceneManifest_Generation = YES;
				INFOPLIST_KEY_UIApplicationSupportsIndirectInputEvents = YES;
				INFOPLIST_KEY_UILaunchScreen_Generation = YES;
				INFOPLIST_KEY_UISupportedInterfaceOrientations_iPad = "UIInterfaceOrientationPortrait UIInterfaceOrientationPortraitUpsideDown UIInterfaceOrientationLandscapeLeft UIInterfaceOrientationLandscapeRight";
				INFOPLIST_KEY_UISupportedInterfaceOrientations_iPhone = "UIInterfaceOrientationPortrait UIInterfaceOrientationLandscapeLeft UIInterfaceOrientationLandscapeRight";
				LD_RUNPATH_SEARCH_PATHS = (
					"$(inherited)",
					"@executable_path/Frameworks",
				);
				MARKETING_VERSION = 1.0;
				PRODUCT_BUNDLE_IDENTIFIER = com.shohiiiiiii.SFCymbolAppWithSwiftUI;
				PRODUCT_NAME = "$(TARGET_NAME)";
				SWIFT_EMIT_LOC_STRINGS = YES;
				SWIFT_VERSION = 5.0;
				TARGETED_DEVICE_FAMILY = "1,2";
			};
			name = Debug;
		};
		5DFBDF1529D9960D004E0B78 /* Release */ = {
			isa = XCBuildConfiguration;
			buildSettings = {
				ASSETCATALOG_COMPILER_APPICON_NAME = AppIcon;
				ASSETCATALOG_COMPILER_GLOBAL_ACCENT_COLOR_NAME = AccentColor;
				CODE_SIGN_STYLE = Automatic;
				CURRENT_PROJECT_VERSION = 1;
				DEVELOPMENT_ASSET_PATHS = "\"SFCymbolAppWithSwiftUI/Preview Content\"";
				DEVELOPMENT_TEAM = XP8M87ULF2;
				ENABLE_PREVIEWS = YES;
				GENERATE_INFOPLIST_FILE = YES;
				INFOPLIST_KEY_UIApplicationSceneManifest_Generation = YES;
				INFOPLIST_KEY_UIApplicationSupportsIndirectInputEvents = YES;
				INFOPLIST_KEY_UILaunchScreen_Generation = YES;
				INFOPLIST_KEY_UISupportedInterfaceOrientations_iPad = "UIInterfaceOrientationPortrait UIInterfaceOrientationPortraitUpsideDown UIInterfaceOrientationLandscapeLeft UIInterfaceOrientationLandscapeRight";
				INFOPLIST_KEY_UISupportedInterfaceOrientations_iPhone = "UIInterfaceOrientationPortrait UIInterfaceOrientationLandscapeLeft UIInterfaceOrientationLandscapeRight";
				LD_RUNPATH_SEARCH_PATHS = (
					"$(inherited)",
					"@executable_path/Frameworks",
				);
				MARKETING_VERSION = 1.0;
				PRODUCT_BUNDLE_IDENTIFIER = com.shohiiiiiii.SFCymbolAppWithSwiftUI;
				PRODUCT_NAME = "$(TARGET_NAME)";
				SWIFT_EMIT_LOC_STRINGS = YES;
				SWIFT_VERSION = 5.0;
				TARGETED_DEVICE_FAMILY = "1,2";
			};
			name = Release;
		};
		5DFBDF1729D9960D004E0B78 /* Debug */ = {
			isa = XCBuildConfiguration;
			buildSettings = {
				ALWAYS_EMBED_SWIFT_STANDARD_LIBRARIES = YES;
				BUNDLE_LOADER = "$(TEST_HOST)";
				CODE_SIGN_STYLE = Automatic;
				CURRENT_PROJECT_VERSION = 1;
				DEVELOPMENT_TEAM = XP8M87ULF2;
				GENERATE_INFOPLIST_FILE = YES;
				IPHONEOS_DEPLOYMENT_TARGET = 16.0;
				MARKETING_VERSION = 1.0;
				PRODUCT_BUNDLE_IDENTIFIER = com.shohiiiiiii.SFCymbolAppWithSwiftUITests;
				PRODUCT_NAME = "$(TARGET_NAME)";
				SWIFT_EMIT_LOC_STRINGS = NO;
				SWIFT_VERSION = 5.0;
				TARGETED_DEVICE_FAMILY = "1,2";
				TEST_HOST = "$(BUILT_PRODUCTS_DIR)/SFCymbolAppWithSwiftUI.app/$(BUNDLE_EXECUTABLE_FOLDER_PATH)/SFCymbolAppWithSwiftUI";
			};
			name = Debug;
		};
		5DFBDF1829D9960D004E0B78 /* Release */ = {
			isa = XCBuildConfiguration;
			buildSettings = {
				ALWAYS_EMBED_SWIFT_STANDARD_LIBRARIES = YES;
				BUNDLE_LOADER = "$(TEST_HOST)";
				CODE_SIGN_STYLE = Automatic;
				CURRENT_PROJECT_VERSION = 1;
				DEVELOPMENT_TEAM = XP8M87ULF2;
				GENERATE_INFOPLIST_FILE = YES;
				IPHONEOS_DEPLOYMENT_TARGET = 16.0;
				MARKETING_VERSION = 1.0;
				PRODUCT_BUNDLE_IDENTIFIER = com.shohiiiiiii.SFCymbolAppWithSwiftUITests;
				PRODUCT_NAME = "$(TARGET_NAME)";
				SWIFT_EMIT_LOC_STRINGS = NO;
				SWIFT_VERSION = 5.0;
				TARGETED_DEVICE_FAMILY = "1,2";
				TEST_HOST = "$(BUILT_PRODUCTS_DIR)/SFCymbolAppWithSwiftUI.app/$(BUNDLE_EXECUTABLE_FOLDER_PATH)/SFCymbolAppWithSwiftUI";
			};
			name = Release;
		};
		5DFBDF1A29D9960D004E0B78 /* Debug */ = {
			isa = XCBuildConfiguration;
			buildSettings = {
				ALWAYS_EMBED_SWIFT_STANDARD_LIBRARIES = YES;
				CODE_SIGN_STYLE = Automatic;
				CURRENT_PROJECT_VERSION = 1;
				DEVELOPMENT_TEAM = XP8M87ULF2;
				GENERATE_INFOPLIST_FILE = YES;
				MARKETING_VERSION = 1.0;
				PRODUCT_BUNDLE_IDENTIFIER = com.shohiiiiiii.SFCymbolAppWithSwiftUIUITests;
				PRODUCT_NAME = "$(TARGET_NAME)";
				SWIFT_EMIT_LOC_STRINGS = NO;
				SWIFT_VERSION = 5.0;
				TARGETED_DEVICE_FAMILY = "1,2";
				TEST_TARGET_NAME = SFCymbolAppWithSwiftUI;
			};
			name = Debug;
		};
		5DFBDF1B29D9960D004E0B78 /* Release */ = {
			isa = XCBuildConfiguration;
			buildSettings = {
				ALWAYS_EMBED_SWIFT_STANDARD_LIBRARIES = YES;
				CODE_SIGN_STYLE = Automatic;
				CURRENT_PROJECT_VERSION = 1;
				DEVELOPMENT_TEAM = XP8M87ULF2;
				GENERATE_INFOPLIST_FILE = YES;
				MARKETING_VERSION = 1.0;
				PRODUCT_BUNDLE_IDENTIFIER = com.shohiiiiiii.SFCymbolAppWithSwiftUIUITests;
				PRODUCT_NAME = "$(TARGET_NAME)";
				SWIFT_EMIT_LOC_STRINGS = NO;
				SWIFT_VERSION = 5.0;
				TARGETED_DEVICE_FAMILY = "1,2";
				TEST_TARGET_NAME = SFCymbolAppWithSwiftUI;
			};
			name = Release;
		};
/* End XCBuildConfiguration section */

/* Begin XCConfigurationList section */
		5DFBDEEA29D9960B004E0B78 /* Build configuration list for PBXProject "SFCymbolAppWithSwiftUI" */ = {
			isa = XCConfigurationList;
			buildConfigurations = (
				5DFBDF1129D9960D004E0B78 /* Debug */,
				5DFBDF1229D9960D004E0B78 /* Release */,
			);
			defaultConfigurationIsVisible = 0;
			defaultConfigurationName = Release;
		};
		5DFBDF1329D9960D004E0B78 /* Build configuration list for PBXNativeTarget "SFCymbolAppWithSwiftUI" */ = {
			isa = XCConfigurationList;
			buildConfigurations = (
				5DFBDF1429D9960D004E0B78 /* Debug */,
				5DFBDF1529D9960D004E0B78 /* Release */,
			);
			defaultConfigurationIsVisible = 0;
			defaultConfigurationName = Release;
		};
		5DFBDF1629D9960D004E0B78 /* Build configuration list for PBXNativeTarget "SFCymbolAppWithSwiftUITests" */ = {
			isa = XCConfigurationList;
			buildConfigurations = (
				5DFBDF1729D9960D004E0B78 /* Debug */,
				5DFBDF1829D9960D004E0B78 /* Release */,
			);
			defaultConfigurationIsVisible = 0;
			defaultConfigurationName = Release;
		};
		5DFBDF1929D9960D004E0B78 /* Build configuration list for PBXNativeTarget "SFCymbolAppWithSwiftUIUITests" */ = {
			isa = XCConfigurationList;
			buildConfigurations = (
				5DFBDF1A29D9960D004E0B78 /* Debug */,
				5DFBDF1B29D9960D004E0B78 /* Release */,
			);
			defaultConfigurationIsVisible = 0;
			defaultConfigurationName = Release;
		};
/* End XCConfigurationList section */

/* Begin XCRemoteSwiftPackageReference section */
		5DFBDF1C29D99751004E0B78 /* XCRemoteSwiftPackageReference "SFUserFriendlySymbols" */ = {
			isa = XCRemoteSwiftPackageReference;
			repositoryURL = "https://github.com/littleossa/SFUserFriendlySymbols.git";
			requirement = {
				kind = upToNextMajorVersion;
				minimumVersion = 0.4.0;
			};
		};
/* End XCRemoteSwiftPackageReference section */

/* Begin XCSwiftPackageProductDependency section */
		5DFBDF1D29D99751004E0B78 /* SFUserFriendlySymbols */ = {
			isa = XCSwiftPackageProductDependency;
			package = 5DFBDF1C29D99751004E0B78 /* XCRemoteSwiftPackageReference "SFUserFriendlySymbols" */;
			productName = SFUserFriendlySymbols;
		};
/* End XCSwiftPackageProductDependency section */
	};
	rootObject = 5DFBDEE729D9960B004E0B78 /* Project object */;
}
